// !$*UTF8*$!
{
	archiveVersion = 1;
	classes = {
	};
	objectVersion = 50;
	objects = {

/* Begin PBXBuildFile section */
		CC4CBE49263EE28E00240603 /* AppDelegate.swift in Sources */ = {isa = PBXBuildFile; fileRef = CC4CBE48263EE28E00240603 /* AppDelegate.swift */; };
		CC4CBE4B263EE28E00240603 /* SceneDelegate.swift in Sources */ = {isa = PBXBuildFile; fileRef = CC4CBE4A263EE28E00240603 /* SceneDelegate.swift */; };
		CC4CBE4D263EE28E00240603 /* MainViewController.swift in Sources */ = {isa = PBXBuildFile; fileRef = CC4CBE4C263EE28E00240603 /* MainViewController.swift */; };
		CC4CBE50263EE28E00240603 /* Main.storyboard in Resources */ = {isa = PBXBuildFile; fileRef = CC4CBE4E263EE28E00240603 /* Main.storyboard */; };
		CC4CBE52263EE28F00240603 /* Assets.xcassets in Resources */ = {isa = PBXBuildFile; fileRef = CC4CBE51263EE28F00240603 /* Assets.xcassets */; };
		CC4CBE55263EE28F00240603 /* LaunchScreen.storyboard in Resources */ = {isa = PBXBuildFile; fileRef = CC4CBE53263EE28F00240603 /* LaunchScreen.storyboard */; };
		CC4CBE61263EE40D00240603 /* BleTableViewCell.swift in Sources */ = {isa = PBXBuildFile; fileRef = CC4CBE60263EE40D00240603 /* BleTableViewCell.swift */; };
		CC4CBE64263EE78F00240603 /* ButtonPeripheral.swift in Sources */ = {isa = PBXBuildFile; fileRef = CC4CBE63263EE78F00240603 /* ButtonPeripheral.swift */; };
		CC4CBE66263EEB4200240603 /* ButtonSettingsViewController.swift in Sources */ = {isa = PBXBuildFile; fileRef = CC4CBE65263EEB4200240603 /* ButtonSettingsViewController.swift */; };
/* End PBXBuildFile section */

/* Begin PBXFileReference section */
		CC4CBE45263EE28E00240603 /* Button Buddy.app */ = {isa = PBXFileReference; explicitFileType = wrapper.application; includeInIndex = 0; path = "Button Buddy.app"; sourceTree = BUILT_PRODUCTS_DIR; };
		CC4CBE48263EE28E00240603 /* AppDelegate.swift */ = {isa = PBXFileReference; lastKnownFileType = sourcecode.swift; path = AppDelegate.swift; sourceTree = "<group>"; };
		CC4CBE4A263EE28E00240603 /* SceneDelegate.swift */ = {isa = PBXFileReference; lastKnownFileType = sourcecode.swift; path = SceneDelegate.swift; sourceTree = "<group>"; };
		CC4CBE4C263EE28E00240603 /* MainViewController.swift */ = {isa = PBXFileReference; lastKnownFileType = sourcecode.swift; path = MainViewController.swift; sourceTree = "<group>"; };
		CC4CBE4F263EE28E00240603 /* Base */ = {isa = PBXFileReference; lastKnownFileType = file.storyboard; name = Base; path = Base.lproj/Main.storyboard; sourceTree = "<group>"; };
		CC4CBE51263EE28F00240603 /* Assets.xcassets */ = {isa = PBXFileReference; lastKnownFileType = folder.assetcatalog; path = Assets.xcassets; sourceTree = "<group>"; };
		CC4CBE54263EE28F00240603 /* Base */ = {isa = PBXFileReference; lastKnownFileType = file.storyboard; name = Base; path = Base.lproj/LaunchScreen.storyboard; sourceTree = "<group>"; };
		CC4CBE56263EE28F00240603 /* Info.plist */ = {isa = PBXFileReference; lastKnownFileType = text.plist.xml; path = Info.plist; sourceTree = "<group>"; };
		CC4CBE60263EE40D00240603 /* BleTableViewCell.swift */ = {isa = PBXFileReference; lastKnownFileType = sourcecode.swift; path = BleTableViewCell.swift; sourceTree = "<group>"; };
		CC4CBE63263EE78F00240603 /* ButtonPeripheral.swift */ = {isa = PBXFileReference; lastKnownFileType = sourcecode.swift; path = ButtonPeripheral.swift; sourceTree = "<group>"; };
		CC4CBE65263EEB4200240603 /* ButtonSettingsViewController.swift */ = {isa = PBXFileReference; lastKnownFileType = sourcecode.swift; path = ButtonSettingsViewController.swift; sourceTree = "<group>"; };
/* End PBXFileReference section */

/* Begin PBXFrameworksBuildPhase section */
		CC4CBE42263EE28E00240603 /* Frameworks */ = {
			isa = PBXFrameworksBuildPhase;
			buildActionMask = 2147483647;
			files = (
			);
			runOnlyForDeploymentPostprocessing = 0;
		};
/* End PBXFrameworksBuildPhase section */

/* Begin PBXGroup section */
		CC4CBE3C263EE28E00240603 = {
			isa = PBXGroup;
			children = (
				CC4CBE47263EE28E00240603 /* Button Buddy */,
				CC4CBE46263EE28E00240603 /* Products */,
			);
			sourceTree = "<group>";
		};
		CC4CBE46263EE28E00240603 /* Products */ = {
			isa = PBXGroup;
			children = (
				CC4CBE45263EE28E00240603 /* Button Buddy.app */,
			);
			name = Products;
			sourceTree = "<group>";
		};
		CC4CBE47263EE28E00240603 /* Button Buddy */ = {
			isa = PBXGroup;
			children = (
				CC4CBE51263EE28F00240603 /* Assets.xcassets */,
				CC4CBE62263EE77700240603 /* Models */,
				CC4CBE5F263EE3F000240603 /* Views */,
				CC4CBE5C263EE2F600240603 /* ViewControllers */,
				CC4CBE5E263EE33B00240603 /* Storyboards */,
				CC4CBE5D263EE31A00240603 /* Supporting Files */,
			);
			path = "Button Buddy";
			sourceTree = "<group>";
		};
		CC4CBE5C263EE2F600240603 /* ViewControllers */ = {
			isa = PBXGroup;
			children = (
				CC4CBE4C263EE28E00240603 /* MainViewController.swift */,
				CC4CBE65263EEB4200240603 /* ButtonSettingsViewController.swift */,
			);
			path = ViewControllers;
			sourceTree = "<group>";
		};
		CC4CBE5D263EE31A00240603 /* Supporting Files */ = {
			isa = PBXGroup;
			children = (
				CC4CBE48263EE28E00240603 /* AppDelegate.swift */,
				CC4CBE4A263EE28E00240603 /* SceneDelegate.swift */,
				CC4CBE56263EE28F00240603 /* Info.plist */,
			);
			path = "Supporting Files";
			sourceTree = "<group>";
		};
		CC4CBE5E263EE33B00240603 /* Storyboards */ = {
			isa = PBXGroup;
			children = (
				CC4CBE4E263EE28E00240603 /* Main.storyboard */,
				CC4CBE53263EE28F00240603 /* LaunchScreen.storyboard */,
			);
			path = Storyboards;
			sourceTree = "<group>";
		};
		CC4CBE5F263EE3F000240603 /* Views */ = {
			isa = PBXGroup;
			children = (
				CC4CBE60263EE40D00240603 /* BleTableViewCell.swift */,
			);
			path = Views;
			sourceTree = "<group>";
		};
		CC4CBE62263EE77700240603 /* Models */ = {
			isa = PBXGroup;
			children = (
				CC4CBE63263EE78F00240603 /* ButtonPeripheral.swift */,
			);
			path = Models;
			sourceTree = "<group>";
		};
/* End PBXGroup section */

/* Begin PBXNativeTarget section */
		CC4CBE44263EE28E00240603 /* Button Buddy */ = {
			isa = PBXNativeTarget;
			buildConfigurationList = CC4CBE59263EE28F00240603 /* Build configuration list for PBXNativeTarget "Button Buddy" */;
			buildPhases = (
				CC4CBE41263EE28E00240603 /* Sources */,
				CC4CBE42263EE28E00240603 /* Frameworks */,
				CC4CBE43263EE28E00240603 /* Resources */,
			);
			buildRules = (
			);
			dependencies = (
			);
			name = "Button Buddy";
			productName = "Button Buddy";
			productReference = CC4CBE45263EE28E00240603 /* Button Buddy.app */;
			productType = "com.apple.product-type.application";
		};
/* End PBXNativeTarget section */

/* Begin PBXProject section */
		CC4CBE3D263EE28E00240603 /* Project object */ = {
			isa = PBXProject;
			attributes = {
				LastSwiftUpdateCheck = 1250;
				LastUpgradeCheck = 1250;
				TargetAttributes = {
					CC4CBE44263EE28E00240603 = {
						CreatedOnToolsVersion = 12.5;
					};
				};
			};
			buildConfigurationList = CC4CBE40263EE28E00240603 /* Build configuration list for PBXProject "Button Buddy" */;
			compatibilityVersion = "Xcode 9.3";
			developmentRegion = en;
			hasScannedForEncodings = 0;
			knownRegions = (
				en,
				Base,
			);
			mainGroup = CC4CBE3C263EE28E00240603;
			productRefGroup = CC4CBE46263EE28E00240603 /* Products */;
			projectDirPath = "";
			projectRoot = "";
			targets = (
				CC4CBE44263EE28E00240603 /* Button Buddy */,
			);
		};
/* End PBXProject section */

/* Begin PBXResourcesBuildPhase section */
		CC4CBE43263EE28E00240603 /* Resources */ = {
			isa = PBXResourcesBuildPhase;
			buildActionMask = 2147483647;
			files = (
				CC4CBE55263EE28F00240603 /* LaunchScreen.storyboard in Resources */,
				CC4CBE52263EE28F00240603 /* Assets.xcassets in Resources */,
				CC4CBE50263EE28E00240603 /* Main.storyboard in Resources */,
			);
			runOnlyForDeploymentPostprocessing = 0;
		};
/* End PBXResourcesBuildPhase section */

/* Begin PBXSourcesBuildPhase section */
		CC4CBE41263EE28E00240603 /* Sources */ = {
			isa = PBXSourcesBuildPhase;
			buildActionMask = 2147483647;
			files = (
				CC4CBE4D263EE28E00240603 /* MainViewController.swift in Sources */,
				CC4CBE66263EEB4200240603 /* ButtonSettingsViewController.swift in Sources */,
				CC4CBE64263EE78F00240603 /* ButtonPeripheral.swift in Sources */,
				CC4CBE49263EE28E00240603 /* AppDelegate.swift in Sources */,
				CC4CBE4B263EE28E00240603 /* SceneDelegate.swift in Sources */,
				CC4CBE61263EE40D00240603 /* BleTableViewCell.swift in Sources */,
			);
			runOnlyForDeploymentPostprocessing = 0;
		};
/* End PBXSourcesBuildPhase section */

/* Begin PBXVariantGroup section */
		CC4CBE4E263EE28E00240603 /* Main.storyboard */ = {
			isa = PBXVariantGroup;
			children = (
				CC4CBE4F263EE28E00240603 /* Base */,
			);
			name = Main.storyboard;
			sourceTree = "<group>";
		};
		CC4CBE53263EE28F00240603 /* LaunchScreen.storyboard */ = {
			isa = PBXVariantGroup;
			children = (
				CC4CBE54263EE28F00240603 /* Base */,
			);
			name = LaunchScreen.storyboard;
			sourceTree = "<group>";
		};
/* End PBXVariantGroup section */

/* Begin XCBuildConfiguration section */
		CC4CBE57263EE28F00240603 /* Debug */ = {
			isa = XCBuildConfiguration;
			buildSettings = {
				ALWAYS_SEARCH_USER_PATHS = NO;
				CLANG_ANALYZER_NONNULL = YES;
				CLANG_ANALYZER_NUMBER_OBJECT_CONVERSION = YES_AGGRESSIVE;
				CLANG_CXX_LANGUAGE_STANDARD = "gnu++14";
				CLANG_CXX_LIBRARY = "libc++";
				CLANG_ENABLE_MODULES = YES;
				CLANG_ENABLE_OBJC_ARC = YES;
				CLANG_ENABLE_OBJC_WEAK = YES;
				CLANG_WARN_BLOCK_CAPTURE_AUTORELEASING = YES;
				CLANG_WARN_BOOL_CONVERSION = YES;
				CLANG_WARN_COMMA = YES;
				CLANG_WARN_CONSTANT_CONVERSION = YES;
				CLANG_WARN_DEPRECATED_OBJC_IMPLEMENTATIONS = YES;
				CLANG_WARN_DIRECT_OBJC_ISA_USAGE = YES_ERROR;
				CLANG_WARN_DOCUMENTATION_COMMENTS = YES;
				CLANG_WARN_EMPTY_BODY = YES;
				CLANG_WARN_ENUM_CONVERSION = YES;
				CLANG_WARN_INFINITE_RECURSION = YES;
				CLANG_WARN_INT_CONVERSION = YES;
				CLANG_WARN_NON_LITERAL_NULL_CONVERSION = YES;
				CLANG_WARN_OBJC_IMPLICIT_RETAIN_SELF = YES;
				CLANG_WARN_OBJC_LITERAL_CONVERSION = YES;
				CLANG_WARN_OBJC_ROOT_CLASS = YES_ERROR;
				CLANG_WARN_QUOTED_INCLUDE_IN_FRAMEWORK_HEADER = YES;
				CLANG_WARN_RANGE_LOOP_ANALYSIS = YES;
				CLANG_WARN_STRICT_PROTOTYPES = YES;
				CLANG_WARN_SUSPICIOUS_MOVE = YES;
				CLANG_WARN_UNGUARDED_AVAILABILITY = YES_AGGRESSIVE;
				CLANG_WARN_UNREACHABLE_CODE = YES;
				CLANG_WARN__DUPLICATE_METHOD_MATCH = YES;
				COPY_PHASE_STRIP = NO;
				DEBUG_INFORMATION_FORMAT = dwarf;
				ENABLE_STRICT_OBJC_MSGSEND = YES;
				ENABLE_TESTABILITY = YES;
				GCC_C_LANGUAGE_STANDARD = gnu11;
				GCC_DYNAMIC_NO_PIC = NO;
				GCC_NO_COMMON_BLOCKS = YES;
				GCC_OPTIMIZATION_LEVEL = 0;
				GCC_PREPROCESSOR_DEFINITIONS = (
					"DEBUG=1",
					"$(inherited)",
				);
				GCC_WARN_64_TO_32_BIT_CONVERSION = YES;
				GCC_WARN_ABOUT_RETURN_TYPE = YES_ERROR;
				GCC_WARN_UNDECLARED_SELECTOR = YES;
				GCC_WARN_UNINITIALIZED_AUTOS = YES_AGGRESSIVE;
				GCC_WARN_UNUSED_FUNCTION = YES;
				GCC_WARN_UNUSED_VARIABLE = YES;
				IPHONEOS_DEPLOYMENT_TARGET = 14.5;
				MTL_ENABLE_DEBUG_INFO = INCLUDE_SOURCE;
				MTL_FAST_MATH = YES;
				ONLY_ACTIVE_ARCH = YES;
				SDKROOT = iphoneos;
				SWIFT_ACTIVE_COMPILATION_CONDITIONS = DEBUG;
				SWIFT_OPTIMIZATION_LEVEL = "-Onone";
			};
			name = Debug;
		};
		CC4CBE58263EE28F00240603 /* Release */ = {
			isa = XCBuildConfiguration;
			buildSettings = {
				ALWAYS_SEARCH_USER_PATHS = NO;
				CLANG_ANALYZER_NONNULL = YES;
				CLANG_ANALYZER_NUMBER_OBJECT_CONVERSION = YES_AGGRESSIVE;
				CLANG_CXX_LANGUAGE_STANDARD = "gnu++14";
				CLANG_CXX_LIBRARY = "libc++";
				CLANG_ENABLE_MODULES = YES;
				CLANG_ENABLE_OBJC_ARC = YES;
				CLANG_ENABLE_OBJC_WEAK = YES;
				CLANG_WARN_BLOCK_CAPTURE_AUTORELEASING = YES;
				CLANG_WARN_BOOL_CONVERSION = YES;
				CLANG_WARN_COMMA = YES;
				CLANG_WARN_CONSTANT_CONVERSION = YES;
				CLANG_WARN_DEPRECATED_OBJC_IMPLEMENTATIONS = YES;
				CLANG_WARN_DIRECT_OBJC_ISA_USAGE = YES_ERROR;
				CLANG_WARN_DOCUMENTATION_COMMENTS = YES;
				CLANG_WARN_EMPTY_BODY = YES;
				CLANG_WARN_ENUM_CONVERSION = YES;
				CLANG_WARN_INFINITE_RECURSION = YES;
				CLANG_WARN_INT_CONVERSION = YES;
				CLANG_WARN_NON_LITERAL_NULL_CONVERSION = YES;
				CLANG_WARN_OBJC_IMPLICIT_RETAIN_SELF = YES;
				CLANG_WARN_OBJC_LITERAL_CONVERSION = YES;
				CLANG_WARN_OBJC_ROOT_CLASS = YES_ERROR;
				CLANG_WARN_QUOTED_INCLUDE_IN_FRAMEWORK_HEADER = YES;
				CLANG_WARN_RANGE_LOOP_ANALYSIS = YES;
				CLANG_WARN_STRICT_PROTOTYPES = YES;
				CLANG_WARN_SUSPICIOUS_MOVE = YES;
				CLANG_WARN_UNGUARDED_AVAILABILITY = YES_AGGRESSIVE;
				CLANG_WARN_UNREACHABLE_CODE = YES;
				CLANG_WARN__DUPLICATE_METHOD_MATCH = YES;
				COPY_PHASE_STRIP = NO;
				DEBUG_INFORMATION_FORMAT = "dwarf-with-dsym";
				ENABLE_NS_ASSERTIONS = NO;
				ENABLE_STRICT_OBJC_MSGSEND = YES;
				GCC_C_LANGUAGE_STANDARD = gnu11;
				GCC_NO_COMMON_BLOCKS = YES;
				GCC_WARN_64_TO_32_BIT_CONVERSION = YES;
				GCC_WARN_ABOUT_RETURN_TYPE = YES_ERROR;
				GCC_WARN_UNDECLARED_SELECTOR = YES;
				GCC_WARN_UNINITIALIZED_AUTOS = YES_AGGRESSIVE;
				GCC_WARN_UNUSED_FUNCTION = YES;
				GCC_WARN_UNUSED_VARIABLE = YES;
				IPHONEOS_DEPLOYMENT_TARGET = 14.5;
				MTL_ENABLE_DEBUG_INFO = NO;
				MTL_FAST_MATH = YES;
				SDKROOT = iphoneos;
				SWIFT_COMPILATION_MODE = wholemodule;
				SWIFT_OPTIMIZATION_LEVEL = "-O";
				VALIDATE_PRODUCT = YES;
			};
			name = Release;
		};
		CC4CBE5A263EE28F00240603 /* Debug */ = {
			isa = XCBuildConfiguration;
			buildSettings = {
				ASSETCATALOG_COMPILER_APPICON_NAME = AppIcon;
				ASSETCATALOG_COMPILER_GLOBAL_ACCENT_COLOR_NAME = AccentColor;
				CODE_SIGN_STYLE = Automatic;
				DEVELOPMENT_TEAM = 6JHB3FKAQY;
				INFOPLIST_FILE = "Button Buddy/Supporting Files/Info.plist";
				LD_RUNPATH_SEARCH_PATHS = (
					"$(inherited)",
					"@executable_path/Frameworks",
				);
				PRODUCT_BUNDLE_IDENTIFIER = "com.js.Button-Buddy";
				PRODUCT_NAME = "$(TARGET_NAME)";
				SWIFT_VERSION = 5.0;
				TARGETED_DEVICE_FAMILY = "1,2";
			};
			name = Debug;
		};
		CC4CBE5B263EE28F00240603 /* Release */ = {
			isa = XCBuildConfiguration;
			buildSettings = {
				ASSETCATALOG_COMPILER_APPICON_NAME = AppIcon;
				ASSETCATALOG_COMPILER_GLOBAL_ACCENT_COLOR_NAME = AccentColor;
				CODE_SIGN_STYLE = Automatic;
				DEVELOPMENT_TEAM = 6JHB3FKAQY;
				INFOPLIST_FILE = "Button Buddy/Supporting Files/Info.plist";
				LD_RUNPATH_SEARCH_PATHS = (
					"$(inherited)",
					"@executable_path/Frameworks",
				);
				PRODUCT_BUNDLE_IDENTIFIER = "com.js.Button-Buddy";
				PRODUCT_NAME = "$(TARGET_NAME)";
				SWIFT_VERSION = 5.0;
				TARGETED_DEVICE_FAMILY = "1,2";
			};
			name = Release;
		};
/* End XCBuildConfiguration section */

/* Begin XCConfigurationList section */
		CC4CBE40263EE28E00240603 /* Build configuration list for PBXProject "Button Buddy" */ = {
			isa = XCConfigurationList;
			buildConfigurations = (
				CC4CBE57263EE28F00240603 /* Debug */,
				CC4CBE58263EE28F00240603 /* Release */,
			);
			defaultConfigurationIsVisible = 0;
			defaultConfigurationName = Release;
		};
		CC4CBE59263EE28F00240603 /* Build configuration list for PBXNativeTarget "Button Buddy" */ = {
			isa = XCConfigurationList;
			buildConfigurations = (
				CC4CBE5A263EE28F00240603 /* Debug */,
				CC4CBE5B263EE28F00240603 /* Release */,
			);
			defaultConfigurationIsVisible = 0;
			defaultConfigurationName = Release;
		};
/* End XCConfigurationList section */
	};
	rootObject = CC4CBE3D263EE28E00240603 /* Project object */;
}
